// !$*UTF8*$!
{
	archiveVersion = 1;
	classes = {
	};
	objectVersion = 55;
	objects = {

/* Begin PBXBuildFile section */
		AB3E514E289CEE710020875A /* DemoClockView.swift in Sources */ = {isa = PBXBuildFile; fileRef = AB3E514D289CEE710020875A /* DemoClockView.swift */; };
		AB7C885728A132C0009FFCA3 /* ConvertedTimeZone.swift in Sources */ = {isa = PBXBuildFile; fileRef = AB7C885628A132C0009FFCA3 /* ConvertedTimeZone.swift */; };
		ABA563A72897C75C006035FF /* ClockSwiftUIApp.swift in Sources */ = {isa = PBXBuildFile; fileRef = ABA563A62897C75C006035FF /* ClockSwiftUIApp.swift */; };
		ABA563AB2897C75F006035FF /* Assets.xcassets in Resources */ = {isa = PBXBuildFile; fileRef = ABA563AA2897C75F006035FF /* Assets.xcassets */; };
		ABA563AE2897C75F006035FF /* Preview Assets.xcassets in Resources */ = {isa = PBXBuildFile; fileRef = ABA563AD2897C75F006035FF /* Preview Assets.xcassets */; };
		ABA563B82897E652006035FF /* TimeZoneData.swift in Sources */ = {isa = PBXBuildFile; fileRef = ABA563B72897E652006035FF /* TimeZoneData.swift */; };
		ABAFF2F5289A478C0006BC0B /* GetTimeZone.swift in Sources */ = {isa = PBXBuildFile; fileRef = ABAFF2F4289A478C0006BC0B /* GetTimeZone.swift */; };
		ABAFF2FC289A83860006BC0B /* ListView.swift in Sources */ = {isa = PBXBuildFile; fileRef = ABAFF2FB289A83860006BC0B /* ListView.swift */; };
/* End PBXBuildFile section */

/* Begin PBXFileReference section */
		AB3E514D289CEE710020875A /* DemoClockView.swift */ = {isa = PBXFileReference; lastKnownFileType = sourcecode.swift; path = DemoClockView.swift; sourceTree = "<group>"; };
		AB7C885628A132C0009FFCA3 /* ConvertedTimeZone.swift */ = {isa = PBXFileReference; lastKnownFileType = sourcecode.swift; path = ConvertedTimeZone.swift; sourceTree = "<group>"; };
		ABA563A32897C75C006035FF /* ClockSwiftUI.app */ = {isa = PBXFileReference; explicitFileType = wrapper.application; includeInIndex = 0; path = ClockSwiftUI.app; sourceTree = BUILT_PRODUCTS_DIR; };
		ABA563A62897C75C006035FF /* ClockSwiftUIApp.swift */ = {isa = PBXFileReference; lastKnownFileType = sourcecode.swift; path = ClockSwiftUIApp.swift; sourceTree = "<group>"; };
		ABA563AA2897C75F006035FF /* Assets.xcassets */ = {isa = PBXFileReference; lastKnownFileType = folder.assetcatalog; path = Assets.xcassets; sourceTree = "<group>"; };
		ABA563AD2897C75F006035FF /* Preview Assets.xcassets */ = {isa = PBXFileReference; lastKnownFileType = folder.assetcatalog; path = "Preview Assets.xcassets"; sourceTree = "<group>"; };
		ABA563B62897D601006035FF /* Info.plist */ = {isa = PBXFileReference; lastKnownFileType = text.plist; path = Info.plist; sourceTree = "<group>"; };
		ABA563B72897E652006035FF /* TimeZoneData.swift */ = {isa = PBXFileReference; lastKnownFileType = sourcecode.swift; path = TimeZoneData.swift; sourceTree = "<group>"; };
		ABAFF2F4289A478C0006BC0B /* GetTimeZone.swift */ = {isa = PBXFileReference; lastKnownFileType = sourcecode.swift; path = GetTimeZone.swift; sourceTree = "<group>"; };
		ABAFF2FB289A83860006BC0B /* ListView.swift */ = {isa = PBXFileReference; lastKnownFileType = sourcecode.swift; path = ListView.swift; sourceTree = "<group>"; };
/* End PBXFileReference section */

/* Begin PBXFrameworksBuildPhase section */
		ABA563A02897C75C006035FF /* Frameworks */ = {
			isa = PBXFrameworksBuildPhase;
			buildActionMask = 2147483647;
			files = (
			);
			runOnlyForDeploymentPostprocessing = 0;
		};
/* End PBXFrameworksBuildPhase section */

/* Begin PBXGroup section */
		ABA5639A2897C75C006035FF = {
			isa = PBXGroup;
			children = (
				ABA563A52897C75C006035FF /* ClockSwiftUI */,
				ABA563A42897C75C006035FF /* Products */,
			);
			sourceTree = "<group>";
		};
		ABA563A42897C75C006035FF /* Products */ = {
			isa = PBXGroup;
			children = (
				ABA563A32897C75C006035FF /* ClockSwiftUI.app */,
			);
			name = Products;
			sourceTree = "<group>";
		};
		ABA563A52897C75C006035FF /* ClockSwiftUI */ = {
			isa = PBXGroup;
			children = (
				ABA563A62897C75C006035FF /* ClockSwiftUIApp.swift */,
				ABAFF2FB289A83860006BC0B /* ListView.swift */,
				AB3E514D289CEE710020875A /* DemoClockView.swift */,
				AB7C885628A132C0009FFCA3 /* ConvertedTimeZone.swift */,
				ABAFF2F4289A478C0006BC0B /* GetTimeZone.swift */,
				ABA563B72897E652006035FF /* TimeZoneData.swift */,
				ABA563AA2897C75F006035FF /* Assets.xcassets */,
				ABA563B62897D601006035FF /* Info.plist */,
				ABA563AC2897C75F006035FF /* Preview Content */,
			);
			path = ClockSwiftUI;
			sourceTree = "<group>";
		};
		ABA563AC2897C75F006035FF /* Preview Content */ = {
			isa = PBXGroup;
			children = (
				ABA563AD2897C75F006035FF /* Preview Assets.xcassets */,
			);
			path = "Preview Content";
			sourceTree = "<group>";
		};
/* End PBXGroup section */

/* Begin PBXNativeTarget section */
		ABA563A22897C75C006035FF /* ClockSwiftUI */ = {
			isa = PBXNativeTarget;
			buildConfigurationList = ABA563B12897C75F006035FF /* Build configuration list for PBXNativeTarget "ClockSwiftUI" */;
			buildPhases = (
				ABA5639F2897C75C006035FF /* Sources */,
				ABA563A02897C75C006035FF /* Frameworks */,
				ABA563A12897C75C006035FF /* Resources */,
			);
			buildRules = (
			);
			dependencies = (
			);
			name = ClockSwiftUI;
			productName = ClockSwiftUI;
			productReference = ABA563A32897C75C006035FF /* ClockSwiftUI.app */;
			productType = "com.apple.product-type.application";
		};
/* End PBXNativeTarget section */

/* Begin PBXProject section */
		ABA5639B2897C75C006035FF /* Project object */ = {
			isa = PBXProject;
			attributes = {
				BuildIndependentTargetsInParallel = 1;
				LastSwiftUpdateCheck = 1340;
				LastUpgradeCheck = 1340;
				TargetAttributes = {
					ABA563A22897C75C006035FF = {
						CreatedOnToolsVersion = 13.4.1;
					};
				};
			};
			buildConfigurationList = ABA5639E2897C75C006035FF /* Build configuration list for PBXProject "ClockSwiftUI" */;
			compatibilityVersion = "Xcode 13.0";
			developmentRegion = en;
			hasScannedForEncodings = 0;
			knownRegions = (
				en,
				Base,
			);
			mainGroup = ABA5639A2897C75C006035FF;
			productRefGroup = ABA563A42897C75C006035FF /* Products */;
			projectDirPath = "";
			projectRoot = "";
			targets = (
				ABA563A22897C75C006035FF /* ClockSwiftUI */,
			);
		};
/* End PBXProject section */

/* Begin PBXResourcesBuildPhase section */
		ABA563A12897C75C006035FF /* Resources */ = {
			isa = PBXResourcesBuildPhase;
			buildActionMask = 2147483647;
			files = (
				ABA563AE2897C75F006035FF /* Preview Assets.xcassets in Resources */,
				ABA563AB2897C75F006035FF /* Assets.xcassets in Resources */,
			);
			runOnlyForDeploymentPostprocessing = 0;
		};
/* End PBXResourcesBuildPhase section */

/* Begin PBXSourcesBuildPhase section */
		ABA5639F2897C75C006035FF /* Sources */ = {
			isa = PBXSourcesBuildPhase;
			buildActionMask = 2147483647;
			files = (
				ABAFF2FC289A83860006BC0B /* ListView.swift in Sources */,
				ABAFF2F5289A478C0006BC0B /* GetTimeZone.swift in Sources */,
				AB3E514E289CEE710020875A /* DemoClockView.swift in Sources */,
				AB7C885728A132C0009FFCA3 /* ConvertedTimeZone.swift in Sources */,
				ABA563B82897E652006035FF /* TimeZoneData.swift in Sources */,
				ABA563A72897C75C006035FF /* ClockSwiftUIApp.swift in Sources */,
			);
			runOnlyForDeploymentPostprocessing = 0;
		};
/* End PBXSourcesBuildPhase section */

/* Begin XCBuildConfiguration section */
		ABA563AF2897C75F006035FF /* Debug */ = {
			isa = XCBuildConfiguration;
			buildSettings = {
				ALWAYS_SEARCH_USER_PATHS = NO;
				CLANG_ANALYZER_NONNULL = YES;
				CLANG_ANALYZER_NUMBER_OBJECT_CONVERSION = YES_AGGRESSIVE;
				CLANG_CXX_LANGUAGE_STANDARD = "gnu++17";
				CLANG_ENABLE_MODULES = YES;
				CLANG_ENABLE_OBJC_ARC = YES;
				CLANG_ENABLE_OBJC_WEAK = YES;
				CLANG_WARN_BLOCK_CAPTURE_AUTORELEASING = YES;
				CLANG_WARN_BOOL_CONVERSION = YES;
				CLANG_WARN_COMMA = YES;
				CLANG_WARN_CONSTANT_CONVERSION = YES;
				CLANG_WARN_DEPRECATED_OBJC_IMPLEMENTATIONS = YES;
				CLANG_WARN_DIRECT_OBJC_ISA_USAGE = YES_ERROR;
				CLANG_WARN_DOCUMENTATION_COMMENTS = YES;
				CLANG_WARN_EMPTY_BODY = YES;
				CLANG_WARN_ENUM_CONVERSION = YES;
				CLANG_WARN_INFINITE_RECURSION = YES;
				CLANG_WARN_INT_CONVERSION = YES;
				CLANG_WARN_NON_LITERAL_NULL_CONVERSION = YES;
				CLANG_WARN_OBJC_IMPLICIT_RETAIN_SELF = YES;
				CLANG_WARN_OBJC_LITERAL_CONVERSION = YES;
				CLANG_WARN_OBJC_ROOT_CLASS = YES_ERROR;
				CLANG_WARN_QUOTED_INCLUDE_IN_FRAMEWORK_HEADER = YES;
				CLANG_WARN_RANGE_LOOP_ANALYSIS = YES;
				CLANG_WARN_STRICT_PROTOTYPES = YES;
				CLANG_WARN_SUSPICIOUS_MOVE = YES;
				CLANG_WARN_UNGUARDED_AVAILABILITY = YES_AGGRESSIVE;
				CLANG_WARN_UNREACHABLE_CODE = YES;
				CLANG_WARN__DUPLICATE_METHOD_MATCH = YES;
				COPY_PHASE_STRIP = NO;
				DEBUG_INFORMATION_FORMAT = dwarf;
				ENABLE_STRICT_OBJC_MSGSEND = YES;
				ENABLE_TESTABILITY = YES;
				GCC_C_LANGUAGE_STANDARD = gnu11;
				GCC_DYNAMIC_NO_PIC = NO;
				GCC_NO_COMMON_BLOCKS = YES;
				GCC_OPTIMIZATION_LEVEL = 0;
				GCC_PREPROCESSOR_DEFINITIONS = (
					"DEBUG=1",
					"$(inherited)",
				);
				GCC_WARN_64_TO_32_BIT_CONVERSION = YES;
				GCC_WARN_ABOUT_RETURN_TYPE = YES_ERROR;
				GCC_WARN_UNDECLARED_SELECTOR = YES;
				GCC_WARN_UNINITIALIZED_AUTOS = YES_AGGRESSIVE;
				GCC_WARN_UNUSED_FUNCTION = YES;
				GCC_WARN_UNUSED_VARIABLE = YES;
				IPHONEOS_DEPLOYMENT_TARGET = 15.5;
				MTL_ENABLE_DEBUG_INFO = INCLUDE_SOURCE;
				MTL_FAST_MATH = YES;
				ONLY_ACTIVE_ARCH = YES;
				SDKROOT = iphoneos;
				SWIFT_ACTIVE_COMPILATION_CONDITIONS = DEBUG;
				SWIFT_OPTIMIZATION_LEVEL = "-Onone";
			};
			name = Debug;
		};
		ABA563B02897C75F006035FF /* Release */ = {
			isa = XCBuildConfiguration;
			buildSettings = {
				ALWAYS_SEARCH_USER_PATHS = NO;
				CLANG_ANALYZER_NONNULL = YES;
				CLANG_ANALYZER_NUMBER_OBJECT_CONVERSION = YES_AGGRESSIVE;
				CLANG_CXX_LANGUAGE_STANDARD = "gnu++17";
				CLANG_ENABLE_MODULES = YES;
				CLANG_ENABLE_OBJC_ARC = YES;
				CLANG_ENABLE_OBJC_WEAK = YES;
				CLANG_WARN_BLOCK_CAPTURE_AUTORELEASING = YES;
				CLANG_WARN_BOOL_CONVERSION = YES;
				CLANG_WARN_COMMA = YES;
				CLANG_WARN_CONSTANT_CONVERSION = YES;
				CLANG_WARN_DEPRECATED_OBJC_IMPLEMENTATIONS = YES;
				CLANG_WARN_DIRECT_OBJC_ISA_USAGE = YES_ERROR;
				CLANG_WARN_DOCUMENTATION_COMMENTS = YES;
				CLANG_WARN_EMPTY_BODY = YES;
				CLANG_WARN_ENUM_CONVERSION = YES;
				CLANG_WARN_INFINITE_RECURSION = YES;
				CLANG_WARN_INT_CONVERSION = YES;
				CLANG_WARN_NON_LITERAL_NULL_CONVERSION = YES;
				CLANG_WARN_OBJC_IMPLICIT_RETAIN_SELF = YES;
				CLANG_WARN_OBJC_LITERAL_CONVERSION = YES;
				CLANG_WARN_OBJC_ROOT_CLASS = YES_ERROR;
				CLANG_WARN_QUOTED_INCLUDE_IN_FRAMEWORK_HEADER = YES;
				CLANG_WARN_RANGE_LOOP_ANALYSIS = YES;
				CLANG_WARN_STRICT_PROTOTYPES = YES;
				CLANG_WARN_SUSPICIOUS_MOVE = YES;
				CLANG_WARN_UNGUARDED_AVAILABILITY = YES_AGGRESSIVE;
				CLANG_WARN_UNREACHABLE_CODE = YES;
				CLANG_WARN__DUPLICATE_METHOD_MATCH = YES;
				COPY_PHASE_STRIP = NO;
				DEBUG_INFORMATION_FORMAT = "dwarf-with-dsym";
				ENABLE_NS_ASSERTIONS = NO;
				ENABLE_STRICT_OBJC_MSGSEND = YES;
				GCC_C_LANGUAGE_STANDARD = gnu11;
				GCC_NO_COMMON_BLOCKS = YES;
				GCC_WARN_64_TO_32_BIT_CONVERSION = YES;
				GCC_WARN_ABOUT_RETURN_TYPE = YES_ERROR;
				GCC_WARN_UNDECLARED_SELECTOR = YES;
				GCC_WARN_UNINITIALIZED_AUTOS = YES_AGGRESSIVE;
				GCC_WARN_UNUSED_FUNCTION = YES;
				GCC_WARN_UNUSED_VARIABLE = YES;
				IPHONEOS_DEPLOYMENT_TARGET = 15.5;
				MTL_ENABLE_DEBUG_INFO = NO;
				MTL_FAST_MATH = YES;
				SDKROOT = iphoneos;
				SWIFT_COMPILATION_MODE = wholemodule;
				SWIFT_OPTIMIZATION_LEVEL = "-O";
				VALIDATE_PRODUCT = YES;
			};
			name = Release;
		};
		ABA563B22897C75F006035FF /* Debug */ = {
			isa = XCBuildConfiguration;
			buildSettings = {
				ASSETCATALOG_COMPILER_APPICON_NAME = AppIcon;
				ASSETCATALOG_COMPILER_GLOBAL_ACCENT_COLOR_NAME = AccentColor;
				CODE_SIGN_STYLE = Automatic;
				CURRENT_PROJECT_VERSION = 1;
				DEVELOPMENT_ASSET_PATHS = "\"ClockSwiftUI/Preview Content\"";
				ENABLE_PREVIEWS = YES;
				GENERATE_INFOPLIST_FILE = YES;
				INFOPLIST_FILE = ClockSwiftUI/Info.plist;
				INFOPLIST_KEY_UIApplicationSceneManifest_Generation = YES;
				INFOPLIST_KEY_UIApplicationSupportsIndirectInputEvents = YES;
				INFOPLIST_KEY_UILaunchScreen_Generation = YES;
				INFOPLIST_KEY_UISupportedInterfaceOrientations_iPad = "UIInterfaceOrientationPortrait UIInterfaceOrientationPortraitUpsideDown UIInterfaceOrientationLandscapeLeft UIInterfaceOrientationLandscapeRight";
				INFOPLIST_KEY_UISupportedInterfaceOrientations_iPhone = "UIInterfaceOrientationPortrait UIInterfaceOrientationLandscapeLeft UIInterfaceOrientationLandscapeRight";
				LD_RUNPATH_SEARCH_PATHS = (
					"$(inherited)",
					"@executable_path/Frameworks",
				);
				MARKETING_VERSION = 1.0;
				PRODUCT_BUNDLE_IDENTIFIER = com.karan.ClockSwiftUI;
				PRODUCT_NAME = "$(TARGET_NAME)";
				SWIFT_EMIT_LOC_STRINGS = YES;
				SWIFT_VERSION = 5.0;
				TARGETED_DEVICE_FAMILY = "1,2";
			};
			name = Debug;
		};
		ABA563B32897C75F006035FF /* Release */ = {
			isa = XCBuildConfiguration;
			buildSettings = {
				ASSETCATALOG_COMPILER_APPICON_NAME = AppIcon;
				ASSETCATALOG_COMPILER_GLOBAL_ACCENT_COLOR_NAME = AccentColor;
				CODE_SIGN_STYLE = Automatic;
				CURRENT_PROJECT_VERSION = 1;
				DEVELOPMENT_ASSET_PATHS = "\"ClockSwiftUI/Preview Content\"";
				ENABLE_PREVIEWS = YES;
				GENERATE_INFOPLIST_FILE = YES;
				INFOPLIST_FILE = ClockSwiftUI/Info.plist;
				INFOPLIST_KEY_UIApplicationSceneManifest_Generation = YES;
				INFOPLIST_KEY_UIApplicationSupportsIndirectInputEvents = YES;
				INFOPLIST_KEY_UILaunchScreen_Generation = YES;
				INFOPLIST_KEY_UISupportedInterfaceOrientations_iPad = "UIInterfaceOrientationPortrait UIInterfaceOrientationPortraitUpsideDown UIInterfaceOrientationLandscapeLeft UIInterfaceOrientationLandscapeRight";
				INFOPLIST_KEY_UISupportedInterfaceOrientations_iPhone = "UIInterfaceOrientationPortrait UIInterfaceOrientationLandscapeLeft UIInterfaceOrientationLandscapeRight";
				LD_RUNPATH_SEARCH_PATHS = (
					"$(inherited)",
					"@executable_path/Frameworks",
				);
				MARKETING_VERSION = 1.0;
				PRODUCT_BUNDLE_IDENTIFIER = com.karan.ClockSwiftUI;
				PRODUCT_NAME = "$(TARGET_NAME)";
				SWIFT_EMIT_LOC_STRINGS = YES;
				SWIFT_VERSION = 5.0;
				TARGETED_DEVICE_FAMILY = "1,2";
			};
			name = Release;
		};
/* End XCBuildConfiguration section */

/* Begin XCConfigurationList section */
		ABA5639E2897C75C006035FF /* Build configuration list for PBXProject "ClockSwiftUI" */ = {
			isa = XCConfigurationList;
			buildConfigurations = (
				ABA563AF2897C75F006035FF /* Debug */,
				ABA563B02897C75F006035FF /* Release */,
			);
			defaultConfigurationIsVisible = 0;
			defaultConfigurationName = Release;
		};
		ABA563B12897C75F006035FF /* Build configuration list for PBXNativeTarget "ClockSwiftUI" */ = {
			isa = XCConfigurationList;
			buildConfigurations = (
				ABA563B22897C75F006035FF /* Debug */,
				ABA563B32897C75F006035FF /* Release */,
			);
			defaultConfigurationIsVisible = 0;
			defaultConfigurationName = Release;
		};
/* End XCConfigurationList section */
	};
	rootObject = ABA5639B2897C75C006035FF /* Project object */;
}
